// !$*UTF8*$!
{
	archiveVersion = 1;
	classes = {
	};
	objectVersion = 45;
	objects = {

/* Begin PBXBuildFile section */
		8DD76F9A0486AA7600D96B5E /* main.m in Sources */ = {isa = PBXBuildFile; fileRef = 08FB7796FE84155DC02AAC07 /* main.m */; settings = {ATTRIBUTES = (); }; };
		8DD76F9C0486AA7600D96B5E /* Foundation.framework in Frameworks */ = {isa = PBXBuildFile; fileRef = 08FB779EFE84155DC02AAC07 /* Foundation.framework */; };
		8DD76F9F0486AA7600D96B5E /* DribbbleWrapper.1 in CopyFiles */ = {isa = PBXBuildFile; fileRef = C6859EA3029092ED04C91782 /* DribbbleWrapper.1 */; };
		D37AAED6121355F500D9A29E /* Player.m in Sources */ = {isa = PBXBuildFile; fileRef = D37AAED5121355F500D9A29E /* Player.m */; };
		D394D9C6121291BB00B03D28 /* Base.m in Sources */ = {isa = PBXBuildFile; fileRef = D394D9C5121291BB00B03D28 /* Base.m */; };
		D394DA601212991200B03D28 /* Shot.m in Sources */ = {isa = PBXBuildFile; fileRef = D394DA5F1212991200B03D28 /* Shot.m */; };
		D3FE203112129D61002A59F7 /* NSObject+SBJSON.m in Sources */ = {isa = PBXBuildFile; fileRef = D3FE202812129D61002A59F7 /* NSObject+SBJSON.m */; };
		D3FE203212129D61002A59F7 /* NSString+SBJSON.m in Sources */ = {isa = PBXBuildFile; fileRef = D3FE202A12129D61002A59F7 /* NSString+SBJSON.m */; };
		D3FE203312129D61002A59F7 /* SBJsonBase.m in Sources */ = {isa = PBXBuildFile; fileRef = D3FE202C12129D61002A59F7 /* SBJsonBase.m */; };
		D3FE203412129D61002A59F7 /* SBJsonParser.m in Sources */ = {isa = PBXBuildFile; fileRef = D3FE202E12129D61002A59F7 /* SBJsonParser.m */; };
		D3FE203512129D61002A59F7 /* SBJsonWriter.m in Sources */ = {isa = PBXBuildFile; fileRef = D3FE203012129D61002A59F7 /* SBJsonWriter.m */; };
/* End PBXBuildFile section */

/* Begin PBXCopyFilesBuildPhase section */
		8DD76F9E0486AA7600D96B5E /* CopyFiles */ = {
			isa = PBXCopyFilesBuildPhase;
			buildActionMask = 8;
			dstPath = /usr/share/man/man1/;
			dstSubfolderSpec = 0;
			files = (
				8DD76F9F0486AA7600D96B5E /* DribbbleWrapper.1 in CopyFiles */,
			);
			runOnlyForDeploymentPostprocessing = 1;
		};
/* End PBXCopyFilesBuildPhase section */

/* Begin PBXFileReference section */
		08FB7796FE84155DC02AAC07 /* main.m */ = {isa = PBXFileReference; fileEncoding = 4; lastKnownFileType = sourcecode.c.objc; path = main.m; sourceTree = "<group>"; };
		08FB779EFE84155DC02AAC07 /* Foundation.framework */ = {isa = PBXFileReference; lastKnownFileType = wrapper.framework; name = Foundation.framework; path = /System/Library/Frameworks/Foundation.framework; sourceTree = "<absolute>"; };
		32A70AAB03705E1F00C91783 /* DribbbleWrapper_Prefix.pch */ = {isa = PBXFileReference; fileEncoding = 4; lastKnownFileType = sourcecode.c.h; path = DribbbleWrapper_Prefix.pch; sourceTree = "<group>"; };
		429A9C461213829A0076AA9A /* README */ = {isa = PBXFileReference; lastKnownFileType = text; path = README; sourceTree = "<group>"; };
		8DD76FA10486AA7600D96B5E /* DribbbleWrapper */ = {isa = PBXFileReference; explicitFileType = "compiled.mach-o.executable"; includeInIndex = 0; path = DribbbleWrapper; sourceTree = BUILT_PRODUCTS_DIR; };
		C6859EA3029092ED04C91782 /* DribbbleWrapper.1 */ = {isa = PBXFileReference; lastKnownFileType = text.man; path = DribbbleWrapper.1; sourceTree = "<group>"; };
		D37AAED4121355F500D9A29E /* Player.h */ = {isa = PBXFileReference; fileEncoding = 4; lastKnownFileType = sourcecode.c.h; path = Player.h; sourceTree = "<group>"; };
		D37AAED5121355F500D9A29E /* Player.m */ = {isa = PBXFileReference; fileEncoding = 4; lastKnownFileType = sourcecode.c.objc; path = Player.m; sourceTree = "<group>"; };
		D394D9C4121291BB00B03D28 /* Base.h */ = {isa = PBXFileReference; fileEncoding = 4; lastKnownFileType = sourcecode.c.h; path = Base.h; sourceTree = "<group>"; };
		D394D9C5121291BB00B03D28 /* Base.m */ = {isa = PBXFileReference; fileEncoding = 4; lastKnownFileType = sourcecode.c.objc; path = Base.m; sourceTree = "<group>"; };
		D394DA5E1212991200B03D28 /* Shot.h */ = {isa = PBXFileReference; fileEncoding = 4; lastKnownFileType = sourcecode.c.h; path = Shot.h; sourceTree = "<group>"; };
		D394DA5F1212991200B03D28 /* Shot.m */ = {isa = PBXFileReference; fileEncoding = 4; lastKnownFileType = sourcecode.c.objc; path = Shot.m; sourceTree = "<group>"; };
		D3FE202612129D61002A59F7 /* JSON.h */ = {isa = PBXFileReference; fileEncoding = 4; lastKnownFileType = sourcecode.c.h; path = JSON.h; sourceTree = "<group>"; };
		D3FE202712129D61002A59F7 /* NSObject+SBJSON.h */ = {isa = PBXFileReference; fileEncoding = 4; lastKnownFileType = sourcecode.c.h; path = "NSObject+SBJSON.h"; sourceTree = "<group>"; };
		D3FE202812129D61002A59F7 /* NSObject+SBJSON.m */ = {isa = PBXFileReference; fileEncoding = 4; lastKnownFileType = sourcecode.c.objc; path = "NSObject+SBJSON.m"; sourceTree = "<group>"; };
		D3FE202912129D61002A59F7 /* NSString+SBJSON.h */ = {isa = PBXFileReference; fileEncoding = 4; lastKnownFileType = sourcecode.c.h; path = "NSString+SBJSON.h"; sourceTree = "<group>"; };
		D3FE202A12129D61002A59F7 /* NSString+SBJSON.m */ = {isa = PBXFileReference; fileEncoding = 4; lastKnownFileType = sourcecode.c.objc; path = "NSString+SBJSON.m"; sourceTree = "<group>"; };
		D3FE202B12129D61002A59F7 /* SBJsonBase.h */ = {isa = PBXFileReference; fileEncoding = 4; lastKnownFileType = sourcecode.c.h; path = SBJsonBase.h; sourceTree = "<group>"; };
		D3FE202C12129D61002A59F7 /* SBJsonBase.m */ = {isa = PBXFileReference; fileEncoding = 4; lastKnownFileType = sourcecode.c.objc; path = SBJsonBase.m; sourceTree = "<group>"; };
		D3FE202D12129D61002A59F7 /* SBJsonParser.h */ = {isa = PBXFileReference; fileEncoding = 4; lastKnownFileType = sourcecode.c.h; path = SBJsonParser.h; sourceTree = "<group>"; };
		D3FE202E12129D61002A59F7 /* SBJsonParser.m */ = {isa = PBXFileReference; fileEncoding = 4; lastKnownFileType = sourcecode.c.objc; path = SBJsonParser.m; sourceTree = "<group>"; };
		D3FE202F12129D61002A59F7 /* SBJsonWriter.h */ = {isa = PBXFileReference; fileEncoding = 4; lastKnownFileType = sourcecode.c.h; path = SBJsonWriter.h; sourceTree = "<group>"; };
		D3FE203012129D61002A59F7 /* SBJsonWriter.m */ = {isa = PBXFileReference; fileEncoding = 4; lastKnownFileType = sourcecode.c.objc; path = SBJsonWriter.m; sourceTree = "<group>"; };
/* End PBXFileReference section */

/* Begin PBXFrameworksBuildPhase section */
		8DD76F9B0486AA7600D96B5E /* Frameworks */ = {
			isa = PBXFrameworksBuildPhase;
			buildActionMask = 2147483647;
			files = (
				8DD76F9C0486AA7600D96B5E /* Foundation.framework in Frameworks */,
			);
			runOnlyForDeploymentPostprocessing = 0;
		};
/* End PBXFrameworksBuildPhase section */

/* Begin PBXGroup section */
		08FB7794FE84155DC02AAC07 /* DribbbleWrapper */ = {
			isa = PBXGroup;
			children = (
				429A9C461213829A0076AA9A /* README */,
				08FB7795FE84155DC02AAC07 /* Source */,
				C6859EA2029092E104C91782 /* Documentation */,
				08FB779DFE84155DC02AAC07 /* External Frameworks and Libraries */,
				1AB674ADFE9D54B511CA2CBB /* Products */,
			);
			name = DribbbleWrapper;
			sourceTree = "<group>";
		};
		08FB7795FE84155DC02AAC07 /* Source */ = {
			isa = PBXGroup;
			children = (
				D394D9BC121291B000B03D28 /* models */,
				32A70AAB03705E1F00C91783 /* DribbbleWrapper_Prefix.pch */,
				08FB7796FE84155DC02AAC07 /* main.m */,
			);
			name = Source;
			sourceTree = "<group>";
		};
		08FB779DFE84155DC02AAC07 /* External Frameworks and Libraries */ = {
			isa = PBXGroup;
			children = (
				D3FE202512129D61002A59F7 /* JSON */,
				08FB779EFE84155DC02AAC07 /* Foundation.framework */,
			);
			name = "External Frameworks and Libraries";
			sourceTree = "<group>";
		};
		1AB674ADFE9D54B511CA2CBB /* Products */ = {
			isa = PBXGroup;
			children = (
				8DD76FA10486AA7600D96B5E /* DribbbleWrapper */,
			);
			name = Products;
			sourceTree = "<group>";
		};
		C6859EA2029092E104C91782 /* Documentation */ = {
			isa = PBXGroup;
			children = (
				C6859EA3029092ED04C91782 /* DribbbleWrapper.1 */,
			);
			name = Documentation;
			sourceTree = "<group>";
		};
		D394D9BC121291B000B03D28 /* models */ = {
			isa = PBXGroup;
			children = (
				D394D9C4121291BB00B03D28 /* Base.h */,
				D394D9C5121291BB00B03D28 /* Base.m */,
				D394DA5E1212991200B03D28 /* Shot.h */,
				D394DA5F1212991200B03D28 /* Shot.m */,
				D37AAED4121355F500D9A29E /* Player.h */,
				D37AAED5121355F500D9A29E /* Player.m */,
			);
			name = models;
			sourceTree = "<group>";
		};
		D3FE202512129D61002A59F7 /* JSON */ = {
			isa = PBXGroup;
			children = (
				D3FE202612129D61002A59F7 /* JSON.h */,
				D3FE202712129D61002A59F7 /* NSObject+SBJSON.h */,
				D3FE202812129D61002A59F7 /* NSObject+SBJSON.m */,
				D3FE202912129D61002A59F7 /* NSString+SBJSON.h */,
				D3FE202A12129D61002A59F7 /* NSString+SBJSON.m */,
				D3FE202B12129D61002A59F7 /* SBJsonBase.h */,
				D3FE202C12129D61002A59F7 /* SBJsonBase.m */,
				D3FE202D12129D61002A59F7 /* SBJsonParser.h */,
				D3FE202E12129D61002A59F7 /* SBJsonParser.m */,
				D3FE202F12129D61002A59F7 /* SBJsonWriter.h */,
				D3FE203012129D61002A59F7 /* SBJsonWriter.m */,
			);
			path = JSON;
			sourceTree = "<group>";
		};
/* End PBXGroup section */

/* Begin PBXNativeTarget section */
		8DD76F960486AA7600D96B5E /* DribbbleWrapper */ = {
			isa = PBXNativeTarget;
			buildConfigurationList = 1DEB927408733DD40010E9CD /* Build configuration list for PBXNativeTarget "DribbbleWrapper" */;
			buildPhases = (
				8DD76F990486AA7600D96B5E /* Sources */,
				8DD76F9B0486AA7600D96B5E /* Frameworks */,
				8DD76F9E0486AA7600D96B5E /* CopyFiles */,
			);
			buildRules = (
			);
			dependencies = (
			);
			name = DribbbleWrapper;
			productInstallPath = "$(HOME)/bin";
			productName = DribbbleWrapper;
			productReference = 8DD76FA10486AA7600D96B5E /* DribbbleWrapper */;
			productType = "com.apple.product-type.tool";
		};
/* End PBXNativeTarget section */

/* Begin PBXProject section */
		08FB7793FE84155DC02AAC07 /* Project object */ = {
			isa = PBXProject;
			buildConfigurationList = 1DEB927808733DD40010E9CD /* Build configuration list for PBXProject "DribbbleWrapper" */;
			compatibilityVersion = "Xcode 3.1";
			developmentRegion = English;
			hasScannedForEncodings = 1;
			knownRegions = (
				English,
				Japanese,
				French,
				German,
			);
			mainGroup = 08FB7794FE84155DC02AAC07 /* DribbbleWrapper */;
			projectDirPath = "";
			projectRoot = "";
			targets = (
				8DD76F960486AA7600D96B5E /* DribbbleWrapper */,
			);
		};
/* End PBXProject section */

/* Begin PBXSourcesBuildPhase section */
		8DD76F990486AA7600D96B5E /* Sources */ = {
			isa = PBXSourcesBuildPhase;
			buildActionMask = 2147483647;
			files = (
				8DD76F9A0486AA7600D96B5E /* main.m in Sources */,
				D394D9C6121291BB00B03D28 /* Base.m in Sources */,
				D394DA601212991200B03D28 /* Shot.m in Sources */,
				D3FE203112129D61002A59F7 /* NSObject+SBJSON.m in Sources */,
				D3FE203212129D61002A59F7 /* NSString+SBJSON.m in Sources */,
				D3FE203312129D61002A59F7 /* SBJsonBase.m in Sources */,
				D3FE203412129D61002A59F7 /* SBJsonParser.m in Sources */,
				D3FE203512129D61002A59F7 /* SBJsonWriter.m in Sources */,
				D37AAED6121355F500D9A29E /* Player.m in Sources */,
			);
			runOnlyForDeploymentPostprocessing = 0;
		};
/* End PBXSourcesBuildPhase section */

/* Begin XCBuildConfiguration section */
		1DEB927508733DD40010E9CD /* Debug */ = {
			isa = XCBuildConfiguration;
			buildSettings = {
				ALWAYS_SEARCH_USER_PATHS = NO;
				COPY_PHASE_STRIP = NO;
				GCC_DYNAMIC_NO_PIC = NO;
				GCC_ENABLE_FIX_AND_CONTINUE = YES;
				GCC_MODEL_TUNING = G5;
				GCC_OPTIMIZATION_LEVEL = 0;
				GCC_PRECOMPILE_PREFIX_HEADER = YES;
				GCC_PREFIX_HEADER = DribbbleWrapper_Prefix.pch;
				INSTALL_PATH = /usr/local/bin;
				PRODUCT_NAME = DribbbleWrapper;
			};
			name = Debug;
		};
		1DEB927608733DD40010E9CD /* Release */ = {
			isa = XCBuildConfiguration;
			buildSettings = {
				ALWAYS_SEARCH_USER_PATHS = NO;
				DEBUG_INFORMATION_FORMAT = "dwarf-with-dsym";
				GCC_MODEL_TUNING = G5;
				GCC_PRECOMPILE_PREFIX_HEADER = YES;
				GCC_PREFIX_HEADER = DribbbleWrapper_Prefix.pch;
				INSTALL_PATH = /usr/local/bin;
				PRODUCT_NAME = DribbbleWrapper;
			};
			name = Release;
		};
		1DEB927908733DD40010E9CD /* Debug */ = {
			isa = XCBuildConfiguration;
			buildSettings = {
				ARCHS = "$(ARCHS_STANDARD_32_64_BIT)";
				GCC_C_LANGUAGE_STANDARD = gnu99;
				GCC_OPTIMIZATION_LEVEL = 0;
				GCC_WARN_ABOUT_RETURN_TYPE = YES;
				GCC_WARN_UNUSED_VARIABLE = YES;
				ONLY_ACTIVE_ARCH = YES;
				PREBINDING = NO;
				SDKROOT = macosx10.6;
			};
			name = Debug;
		};
		1DEB927A08733DD40010E9CD /* Release */ = {
			isa = XCBuildConfiguration;
			buildSettings = {
				ARCHS = "$(ARCHS_STANDARD_32_64_BIT)";
				GCC_C_LANGUAGE_STANDARD = gnu99;
				GCC_WARN_ABOUT_RETURN_TYPE = YES;
				GCC_WARN_UNUSED_VARIABLE = YES;
				PREBINDING = NO;
				SDKROOT = macosx10.6;
			};
			name = Release;
		};
/* End XCBuildConfiguration section */

/* Begin XCConfigurationList section */
		1DEB927408733DD40010E9CD /* Build configuration list for PBXNativeTarget "DribbbleWrapper" */ = {
			isa = XCConfigurationList;
			buildConfigurations = (
				1DEB927508733DD40010E9CD /* Debug */,
				1DEB927608733DD40010E9CD /* Release */,
			);
			defaultConfigurationIsVisible = 0;
			defaultConfigurationName = Release;
		};
		1DEB927808733DD40010E9CD /* Build configuration list for PBXProject "DribbbleWrapper" */ = {
			isa = XCConfigurationList;
			buildConfigurations = (
				1DEB927908733DD40010E9CD /* Debug */,
				1DEB927A08733DD40010E9CD /* Release */,
			);
			defaultConfigurationIsVisible = 0;
			defaultConfigurationName = Release;
		};
/* End XCConfigurationList section */
	};
	rootObject = 08FB7793FE84155DC02AAC07 /* Project object */;
}
